<?xml version="1.0" encoding="utf-8"?>
<Project ToolsVersion="4.0" xmlns="http://schemas.microsoft.com/developer/msbuild/2003">
  <ItemGroup>
    <Filter Include="Source Files">
      <UniqueIdentifier>{4FC737F1-C7A5-4376-A066-2A32D752A2FF}</UniqueIdentifier>
      <Extensions>cpp;c;cc;cxx;def;odl;idl;hpj;bat;asm;asmx</Extensions>
    </Filter>
    <Filter Include="Header Files">
      <UniqueIdentifier>{93995380-89BD-4b04-88EB-625FBE52EBFB}</UniqueIdentifier>
      <Extensions>h;hh;hpp;hxx;hm;inl;inc;xsd</Extensions>
    </Filter>
    <Filter Include="Resource Files">
      <UniqueIdentifier>{67DA6AB6-F800-4c08-8B7A-83BB121AAD01}</UniqueIdentifier>
      <Extensions>rc;ico;cur;bmp;dlg;rc2;rct;bin;rgs;gif;jpg;jpeg;jpe;resx;tiff;tif;png;wav;mfcribbon-ms</Extensions>
    </Filter>
    <Filter Include="imgui">
      <UniqueIdentifier>{a0050a32-448c-433d-be9f-9e0b4ee428a0}</UniqueIdentifier>
    </Filter>
    <Filter Include="Components">
      <UniqueIdentifier>{1b9c6ec0-6182-4222-b6b7-544da3304dd2}</UniqueIdentifier>
    </Filter>
    <Filter Include="not in use">
      <UniqueIdentifier>{1df6f940-3f40-4a60-b3e3-e8a31bdc71a8}</UniqueIdentifier>
    </Filter>
    <Filter Include="Managers">
      <UniqueIdentifier>{c4b95b9d-0af2-4df9-a144-40aafedc2794}</UniqueIdentifier>
    </Filter>
    <Filter Include="Components\HUD">
      <UniqueIdentifier>{f5cf7490-5a70-464f-9377-f338d714fde3}</UniqueIdentifier>
    </Filter>
    <Filter Include="EventHandling">
      <UniqueIdentifier>{6a1aea5d-2b10-4a62-a1fe-23fc69746981}</UniqueIdentifier>
    </Filter>
  </ItemGroup>
  <ItemGroup>
    <ClInclude Include="Singleton.h">
      <Filter>Header Files</Filter>
    </ClInclude>
    <ClInclude Include="Renderer.h">
      <Filter>Header Files</Filter>
    </ClInclude>
    <ClInclude Include="GameObject.h">
      <Filter>Header Files</Filter>
    </ClInclude>
    <ClInclude Include="Scene.h">
      <Filter>Header Files</Filter>
    </ClInclude>
    <ClInclude Include="Minigin.h">
      <Filter>Header Files</Filter>
    </ClInclude>
    <ClInclude Include="..\3rdParty\imgui\imconfig.h">
      <Filter>imgui</Filter>
    </ClInclude>
    <ClInclude Include="..\3rdParty\imgui\imgui.h">
      <Filter>imgui</Filter>
    </ClInclude>
    <ClInclude Include="..\3rdParty\imgui\imgui_internal.h">
      <Filter>imgui</Filter>
    </ClInclude>
    <ClInclude Include="..\3rdParty\imgui\imstb_rectpack.h">
      <Filter>imgui</Filter>
    </ClInclude>
    <ClInclude Include="..\3rdParty\imgui\imstb_textedit.h">
      <Filter>imgui</Filter>
    </ClInclude>
    <ClInclude Include="..\3rdParty\imgui\imstb_truetype.h">
      <Filter>imgui</Filter>
    </ClInclude>
    <ClInclude Include="..\3rdParty\imgui\backends\imgui_impl_sdl2.h">
      <Filter>imgui</Filter>
    </ClInclude>
    <ClInclude Include="..\3rdParty\imgui\backends\imgui_impl_opengl2.h">
      <Filter>imgui</Filter>
    </ClInclude>
    <ClInclude Include="..\3rdParty\imgui\implot.h">
      <Filter>imgui</Filter>
    </ClInclude>
    <ClInclude Include="..\3rdParty\imgui\implot_internal.h">
      <Filter>imgui</Filter>
    </ClInclude>
    <ClInclude Include="..\3rdParty\imgui\imgui_plot.h">
      <Filter>imgui</Filter>
    </ClInclude>
    <ClInclude Include="imgui_dae.h">
      <Filter>imgui</Filter>
    </ClInclude>
    <ClInclude Include="Timer.h">
      <Filter>Header Files</Filter>
    </ClInclude>
    <ClInclude Include="FPSComponent.h">
      <Filter>Components</Filter>
    </ClInclude>
    <ClInclude Include="BaseComponent.h">
      <Filter>Components</Filter>
    </ClInclude>
    <ClInclude Include="TextComponent.h">
      <Filter>Components</Filter>
    </ClInclude>
    <ClInclude Include="TextureComponent.h">
      <Filter>Components</Filter>
    </ClInclude>
    <ClInclude Include="TransformComponent.h">
      <Filter>Components</Filter>
    </ClInclude>
    <ClInclude Include="RotatorComponent.h">
      <Filter>Components</Filter>
    </ClInclude>
    <ClInclude Include="Transform.h">
      <Filter>not in use</Filter>
    </ClInclude>
    <ClInclude Include="Texture2D.h">
      <Filter>not in use</Filter>
    </ClInclude>
    <ClInclude Include="TextObject.h">
      <Filter>not in use</Filter>
    </ClInclude>
    <ClInclude Include="TrashCache.h">
      <Filter>not in use</Filter>
    </ClInclude>
    <ClInclude Include="SceneManager.h">
      <Filter>Managers</Filter>
    </ClInclude>
    <ClInclude Include="TimeManager.h">
      <Filter>Managers</Filter>
    </ClInclude>
    <ClInclude Include="ResourceManager.h">
      <Filter>Managers</Filter>
    </ClInclude>
    <ClInclude Include="InputManager.h">
      <Filter>Managers</Filter>
    </ClInclude>
    <ClInclude Include="Font.h">
      <Filter>not in use</Filter>
    </ClInclude>
    <ClInclude Include="PlotGraphComponent.h">
      <Filter>Components</Filter>
    </ClInclude>
    <ClInclude Include="Command.h">
      <Filter>Header Files</Filter>
    </ClInclude>
    <ClInclude Include="Keyboard.h">
      <Filter>Header Files</Filter>
    </ClInclude>
    <ClInclude Include="Controller.h">
      <Filter>Header Files</Filter>
    </ClInclude>
    <ClInclude Include="Input.h">
      <Filter>Header Files</Filter>
    </ClInclude>
    <ClInclude Include="MovementComponent.h">
      <Filter>Components</Filter>
    </ClInclude>
    <ClInclude Include="Observer.h">
      <Filter>Header Files</Filter>
    </ClInclude>
    <ClInclude Include="Subject.h">
      <Filter>Header Files</Filter>
    </ClInclude>
    <ClInclude Include="ScoreComponent.h">
      <Filter>Components</Filter>
    </ClInclude>
    <ClInclude Include="HUDComponent.h">
      <Filter>Components\HUD</Filter>
    </ClInclude>
    <ClInclude Include="AudioSystem.h">
      <Filter>Header Files</Filter>
    </ClInclude>
    <ClInclude Include="ServiceLocator.h">
      <Filter>Header Files</Filter>
    </ClInclude>
    <ClInclude Include="IServices.h">
      <Filter>Header Files</Filter>
    </ClInclude>
    <ClInclude Include="State.h">
      <Filter>Header Files</Filter>
    </ClInclude>
    <ClInclude Include="EventManager.h">
      <Filter>EventHandling</Filter>
    </ClInclude>
    <ClInclude Include="EventQueue.h">
      <Filter>EventHandling</Filter>
    </ClInclude>
    <ClInclude Include="IEventListener.h">
      <Filter>EventHandling</Filter>
    </ClInclude>
    <ClInclude Include="EventDispatcher.h">
      <Filter>EventHandling</Filter>
    </ClInclude>
    <ClInclude Include="BaseEvent.h">
      <Filter>EventHandling</Filter>
    </ClInclude>
    <ClInclude Include="GameModeManager.h">
      <Filter>Header Files</Filter>
    </ClInclude>
    <ClInclude Include="GameMode.h">
      <Filter>Header Files</Filter>
    </ClInclude>
  </ItemGroup>
  <ItemGroup>
    <ClCompile Include="Renderer.cpp">
      <Filter>Source Files</Filter>
    </ClCompile>
    <ClCompile Include="GameObject.cpp">
      <Filter>Source Files</Filter>
    </ClCompile>
    <ClCompile Include="Scene.cpp">
      <Filter>Source Files</Filter>
    </ClCompile>
    <ClCompile Include="Minigin.cpp">
      <Filter>Source Files</Filter>
    </ClCompile>
    <ClCompile Include="..\3rdParty\imgui\imgui.cpp">
      <Filter>imgui</Filter>
    </ClCompile>
    <ClCompile Include="..\3rdParty\imgui\imgui_demo.cpp">
      <Filter>imgui</Filter>
    </ClCompile>
    <ClCompile Include="..\3rdParty\imgui\imgui_draw.cpp">
      <Filter>imgui</Filter>
    </ClCompile>
    <ClCompile Include="..\3rdParty\imgui\imgui_tables.cpp">
      <Filter>imgui</Filter>
    </ClCompile>
    <ClCompile Include="..\3rdParty\imgui\imgui_widgets.cpp">
      <Filter>imgui</Filter>
    </ClCompile>
    <ClCompile Include="..\3rdParty\imgui\backends\imgui_impl_sdl2.cpp">
      <Filter>imgui</Filter>
    </ClCompile>
    <ClCompile Include="..\3rdParty\imgui\backends\imgui_impl_opengl2.cpp">
      <Filter>imgui</Filter>
    </ClCompile>
    <ClCompile Include="..\3rdParty\imgui\implot.cpp">
      <Filter>imgui</Filter>
    </ClCompile>
    <ClCompile Include="..\3rdParty\imgui\implot_demo.cpp">
      <Filter>imgui</Filter>
    </ClCompile>
    <ClCompile Include="..\3rdParty\imgui\implot_items.cpp">
      <Filter>imgui</Filter>
    </ClCompile>
    <ClCompile Include="..\3rdParty\imgui\imgui_plot.cpp">
      <Filter>imgui</Filter>
    </ClCompile>
    <ClCompile Include="imgui_dae.cpp">
      <Filter>imgui</Filter>
    </ClCompile>
    <ClCompile Include="Timer.cpp">
      <Filter>Source Files</Filter>
    </ClCompile>
    <ClCompile Include="TransformComponent.cpp">
      <Filter>Components</Filter>
    </ClCompile>
    <ClCompile Include="BaseComponent.cpp">
      <Filter>Components</Filter>
    </ClCompile>
    <ClCompile Include="FPSComponent.cpp">
      <Filter>Components</Filter>
    </ClCompile>
    <ClCompile Include="RotatorComponent.cpp">
      <Filter>Components</Filter>
    </ClCompile>
    <ClCompile Include="TextComponent.cpp">
      <Filter>Components</Filter>
    </ClCompile>
    <ClCompile Include="TextureComponent.cpp">
      <Filter>Components</Filter>
    </ClCompile>
    <ClCompile Include="TextObject.cpp">
      <Filter>not in use</Filter>
    </ClCompile>
    <ClCompile Include="InputManager.cpp">
      <Filter>Managers</Filter>
    </ClCompile>
    <ClCompile Include="ResourceManager.cpp">
      <Filter>Managers</Filter>
    </ClCompile>
    <ClCompile Include="SceneManager.cpp">
      <Filter>Managers</Filter>
    </ClCompile>
    <ClCompile Include="TimeManager.cpp">
      <Filter>Managers</Filter>
    </ClCompile>
    <ClCompile Include="Transform.cpp">
      <Filter>not in use</Filter>
    </ClCompile>
    <ClCompile Include="Texture2D.cpp">
      <Filter>not in use</Filter>
    </ClCompile>
    <ClCompile Include="TrashCache.cpp">
      <Filter>not in use</Filter>
    </ClCompile>
    <ClCompile Include="Font.cpp">
      <Filter>not in use</Filter>
    </ClCompile>
    <ClCompile Include="PlotGraphComponent.cpp">
      <Filter>Components</Filter>
    </ClCompile>
    <ClCompile Include="Command.cpp">
      <Filter>Source Files</Filter>
    </ClCompile>
    <ClCompile Include="Input.cpp">
      <Filter>Source Files</Filter>
    </ClCompile>
    <ClCompile Include="Keyboard.cpp">
      <Filter>Source Files</Filter>
    </ClCompile>
    <ClCompile Include="Controller.cpp">
      <Filter>Source Files</Filter>
    </ClCompile>
    <ClCompile Include="MovementComponent.cpp">
      <Filter>Components</Filter>
    </ClCompile>
    <ClCompile Include="Observer.cpp">
      <Filter>Source Files</Filter>
    </ClCompile>
    <ClCompile Include="HUDComponent.cpp">
      <Filter>Components\HUD</Filter>
    </ClCompile>
    <ClCompile Include="ScoreComponent.cpp">
      <Filter>Components</Filter>
    </ClCompile>
    <ClCompile Include="Subject.cpp">
      <Filter>Source Files</Filter>
    </ClCompile>
    <ClCompile Include="AudioSystem.cpp">
      <Filter>Source Files</Filter>
    </ClCompile>
    <ClCompile Include="ServiceLocator.cpp">
      <Filter>Source Files</Filter>
    </ClCompile>
    <ClCompile Include="EventManager.cpp">
      <Filter>EventHandling</Filter>
    </ClCompile>
    <ClCompile Include="EventQueue.cpp">
      <Filter>EventHandling</Filter>
    </ClCompile>
    <ClCompile Include="EventDispatcher.cpp">
      <Filter>EventHandling</Filter>
    </ClCompile>
    <ClCompile Include="GameModeManager.cpp">
      <Filter>Source Files</Filter>
    </ClCompile>
    <ClCompile Include="GameMode.cpp">
      <Filter>Source Files</Filter>
    </ClCompile>
  </ItemGroup>
</Project>