<?xml version="1.0" encoding="utf-8"?>
<Project ToolsVersion="4.0" xmlns="http://schemas.microsoft.com/developer/msbuild/2003">
  <ItemGroup>
    <Filter Include="Source Files">
      <UniqueIdentifier>{4FC737F1-C7A5-4376-A066-2A32D752A2FF}</UniqueIdentifier>
      <Extensions>cpp;c;cc;cxx;c++;cppm;ixx;def;odl;idl;hpj;bat;asm;asmx</Extensions>
    </Filter>
    <Filter Include="Header Files">
      <UniqueIdentifier>{93995380-89BD-4b04-88EB-625FBE52EBFB}</UniqueIdentifier>
      <Extensions>h;hh;hpp;hxx;h++;hm;inl;inc;ipp;xsd</Extensions>
    </Filter>
    <Filter Include="Resource Files">
      <UniqueIdentifier>{67DA6AB6-F800-4c08-8B7A-83BB121AAD01}</UniqueIdentifier>
      <Extensions>rc;ico;cur;bmp;dlg;rc2;rct;bin;rgs;gif;jpg;jpeg;jpe;resx;tiff;tif;png;wav;mfcribbon-ms</Extensions>
    </Filter>
    <Filter Include="States">
      <UniqueIdentifier>{42c2200d-5970-4056-814a-251f097f8ba1}</UniqueIdentifier>
    </Filter>
    <Filter Include="Event">
      <UniqueIdentifier>{60329af1-e60b-4103-a2e3-5a40eea18770}</UniqueIdentifier>
    </Filter>
    <Filter Include="GameLaunch">
      <UniqueIdentifier>{54f962c8-4e96-4d0c-aad1-0f8ce6cd7ddc}</UniqueIdentifier>
    </Filter>
  </ItemGroup>
  <ItemGroup>
    <ClCompile Include="Main.cpp">
      <Filter>Source Files</Filter>
    </ClCompile>
    <ClCompile Include="HealthComponent.cpp">
      <Filter>Source Files</Filter>
    </ClCompile>
    <ClCompile Include="CharacterComponent.cpp">
      <Filter>Source Files</Filter>
    </ClCompile>
    <ClCompile Include="ScoreComponent.cpp">
      <Filter>Source Files</Filter>
    </ClCompile>
    <ClCompile Include="HUDComponent.cpp">
      <Filter>Source Files</Filter>
    </ClCompile>
    <ClCompile Include="TriangularGrid.cpp">
      <Filter>Source Files</Filter>
    </ClCompile>
    <ClCompile Include="GridNavigator.cpp">
      <Filter>Source Files</Filter>
    </ClCompile>
    <ClCompile Include="TileInteractor.cpp">
      <Filter>Source Files</Filter>
    </ClCompile>
    <ClCompile Include="QBertCharacterComponent.cpp">
      <Filter>Source Files</Filter>
    </ClCompile>
    <ClCompile Include="EnemyCharacterComponent.cpp">
      <Filter>Source Files</Filter>
    </ClCompile>
    <ClCompile Include="TricklePathComponent.cpp">
      <Filter>Source Files</Filter>
    </ClCompile>
    <ClCompile Include="Listeners.cpp">
      <Filter>Source Files</Filter>
    </ClCompile>
    <ClCompile Include="FacingStates.cpp">
      <Filter>States</Filter>
    </ClCompile>
    <ClCompile Include="QBertEvents.h">
      <Filter>Event</Filter>
    </ClCompile>
    <ClCompile Include="NodeStates.cpp">
      <Filter>States</Filter>
    </ClCompile>
    <ClCompile Include="CoilyStates.cpp">
      <Filter>States</Filter>
    </ClCompile>
    <ClCompile Include="CoilyComponent.cpp">
      <Filter>Source Files</Filter>
    </ClCompile>
    <ClCompile Include="SamSlickComponent.cpp">
      <Filter>Source Files</Filter>
    </ClCompile>
    <ClCompile Include="QBertComponent.cpp">
      <Filter>Source Files</Filter>
    </ClCompile>
    <ClCompile Include="PathFinderComponent.cpp">
      <Filter>Source Files</Filter>
    </ClCompile>
    <ClCompile Include="LevelManager.cpp">
      <Filter>Source Files</Filter>
    </ClCompile>
    <ClCompile Include="GameObjectFactory.cpp">
      <Filter>Source Files</Filter>
    </ClCompile>
    <ClCompile Include="GridNode.cpp">
      <Filter>Source Files</Filter>
    </ClCompile>
    <ClCompile Include="GameLauncher.cpp">
      <Filter>GameLaunch</Filter>
    </ClCompile>
    <ClCompile Include="ResourceLoader.cpp">
      <Filter>GameLaunch</Filter>
    </ClCompile>
    <ClCompile Include="ServicesLoader.cpp">
      <Filter>GameLaunch</Filter>
    </ClCompile>
    <ClCompile Include="GameInfoLoader.cpp">
      <Filter>GameLaunch</Filter>
    </ClCompile>
    <ClCompile Include="HUDLivesComponent.cpp">
      <Filter>Source Files</Filter>
    </ClCompile>
    <ClCompile Include="FPSComponent.cpp">
      <Filter>Source Files</Filter>
    </ClCompile>
    <ClCompile Include="QBertGameMode.cpp">
      <Filter>Source Files</Filter>
    </ClCompile>
    <ClCompile Include="EnemyManager.cpp">
      <Filter>Source Files</Filter>
    </ClCompile>
    <ClCompile Include="DeathComponent.cpp">
      <Filter>Source Files</Filter>
    </ClCompile>
    <ClCompile Include="RespawnComponent.cpp">
      <Filter>Source Files</Filter>
    </ClCompile>
    <ClCompile Include="LevelState.cpp">
      <Filter>Source Files</Filter>
    </ClCompile>
    <ClCompile Include="UggWrongwayComponent.cpp">
      <Filter>Source Files</Filter>
    </ClCompile>
    <ClCompile Include="SelectModeComponent.cpp">
      <Filter>Source Files</Filter>
    </ClCompile>
    <ClCompile Include="SelectModeStates.cpp">
      <Filter>Source Files</Filter>
    </ClCompile>
    <ClCompile Include="GameOverComponent.cpp">
      <Filter>Source Files</Filter>
    </ClCompile>
  </ItemGroup>
  <ItemGroup>
    <ClInclude Include="HealthComponent.h">
      <Filter>Header Files</Filter>
    </ClInclude>
    <ClInclude Include="CharacterComponent.h">
      <Filter>Header Files</Filter>
    </ClInclude>
    <ClInclude Include="GameCommand.h">
      <Filter>Header Files</Filter>
    </ClInclude>
    <ClInclude Include="ScoreComponent.h">
      <Filter>Header Files</Filter>
    </ClInclude>
    <ClInclude Include="HUDComponent.h">
      <Filter>Header Files</Filter>
    </ClInclude>
    <ClInclude Include="SoundLibrary.h">
      <Filter>Header Files</Filter>
    </ClInclude>
    <ClInclude Include="TriangularGrid.h">
      <Filter>Header Files</Filter>
    </ClInclude>
    <ClInclude Include="ResourceLibrary.h">
      <Filter>Header Files</Filter>
    </ClInclude>
    <ClInclude Include="GridNavigator.h">
      <Filter>Header Files</Filter>
    </ClInclude>
    <ClInclude Include="TileInteractor.h">
      <Filter>Header Files</Filter>
    </ClInclude>
    <ClInclude Include="QBertCharacterComponent.h">
      <Filter>Header Files</Filter>
    </ClInclude>
    <ClInclude Include="EnemyCharacterComponent.h">
      <Filter>Header Files</Filter>
    </ClInclude>
    <ClInclude Include="TricklePathComponent.h">
      <Filter>Header Files</Filter>
    </ClInclude>
    <ClInclude Include="FacingStates.h">
      <Filter>States</Filter>
    </ClInclude>
    <ClInclude Include="Listeners.h">
      <Filter>Event</Filter>
    </ClInclude>
    <ClInclude Include="NodeStates.h">
      <Filter>States</Filter>
    </ClInclude>
    <ClInclude Include="CoilyState.h">
      <Filter>States</Filter>
    </ClInclude>
    <ClInclude Include="CoilyComponent.h">
      <Filter>Header Files</Filter>
    </ClInclude>
    <ClInclude Include="SamSlickComponent.h">
      <Filter>Header Files</Filter>
    </ClInclude>
    <ClInclude Include="QBertComponent.h">
      <Filter>Header Files</Filter>
    </ClInclude>
    <ClInclude Include="PathFinderComponent.h">
      <Filter>Header Files</Filter>
    </ClInclude>
    <ClInclude Include="LevelManager.h">
      <Filter>Header Files</Filter>
    </ClInclude>
    <ClInclude Include="GameObjectFactory.h">
      <Filter>Header Files</Filter>
    </ClInclude>
    <ClInclude Include="GridNode.h">
      <Filter>Header Files</Filter>
    </ClInclude>
    <ClInclude Include="GameLauncher.h">
      <Filter>GameLaunch</Filter>
    </ClInclude>
    <ClInclude Include="ResourceLoader.h">
      <Filter>GameLaunch</Filter>
    </ClInclude>
    <ClInclude Include="ServicesLoader.h">
      <Filter>GameLaunch</Filter>
    </ClInclude>
    <ClInclude Include="GameInfoLoader.h">
      <Filter>GameLaunch</Filter>
    </ClInclude>
    <ClInclude Include="GameInfo.h">
      <Filter>Header Files</Filter>
    </ClInclude>
    <ClInclude Include="Levels.h">
      <Filter>Header Files</Filter>
    </ClInclude>
    <ClInclude Include="HUDLivesComponent.h">
      <Filter>Header Files</Filter>
    </ClInclude>
    <ClInclude Include="FPSComponent.h">
      <Filter>Header Files</Filter>
    </ClInclude>
    <ClInclude Include="QBertGameMode.h">
      <Filter>Header Files</Filter>
    </ClInclude>
    <ClInclude Include="EnemyManager.h">
      <Filter>Header Files</Filter>
    </ClInclude>
    <ClInclude Include="DeathComponent.h">
      <Filter>Header Files</Filter>
    </ClInclude>
    <ClInclude Include="RespawnComponent.h">
      <Filter>Header Files</Filter>
    </ClInclude>
    <ClInclude Include="LevelState.h">
      <Filter>Header Files</Filter>
    </ClInclude>
    <ClInclude Include="UggWrongwayComponent.h">
      <Filter>Header Files</Filter>
    </ClInclude>
    <ClInclude Include="SelectModeComponent.h">
      <Filter>Header Files</Filter>
    </ClInclude>
    <ClInclude Include="SelectModeStates.h">
      <Filter>Header Files</Filter>
    </ClInclude>
    <ClInclude Include="GameOverComponent.h">
      <Filter>Header Files</Filter>
    </ClInclude>
  </ItemGroup>
</Project>